
Microsoft Visual Studio Solution File, Format Version 12.00
# Visual Studio Version 17
VisualStudioVersion = 17.5.33516.290
MinimumVisualStudioVersion = 10.0.40219.1
Project("{9A19103F-16F7-4668-BE54-9A1E7A4F7556}") = "TradingBot.Core", "TradingBot.Core\TradingBot.Core.csproj", "{BB6E0A5F-AFC7-4032-B139-07617BCAD6D6}"
EndProject
Project("{9A19103F-16F7-4668-BE54-9A1E7A4F7556}") = "TradingBot.Infrastructure", "TradingBot.Infrastructure\TradingBot.Infrastructure.csproj", "{F64944CD-9B54-4DEB-AE16-7C7CE38314C3}"
EndProject
Project("{9A19103F-16F7-4668-BE54-9A1E7A4F7556}") = "TradingBot.HttpClients.Core", "TradingBot.HttpClients.Core\TradingBot.HttpClients.Core.csproj", "{20E6D75F-4F6B-4C0F-9AEC-5F324FA3F6B9}"
EndProject
Project("{9A19103F-16F7-4668-BE54-9A1E7A4F7556}") = "TradingBot.HttpClients", "TradingBot.HttpClients\TradingBot.HttpClients.csproj", "{80A3FA06-68D5-4464-9C37-6BF43E03C6FF}"
EndProject
Project("{9A19103F-16F7-4668-BE54-9A1E7A4F7556}") = "TradingBot.HttpClients.Tests", "TradingBot.HttpClients.Tests\TradingBot.HttpClients.Tests.csproj", "{DAF78C35-989A-41CD-ADF3-0CC501C4ED11}"
EndProject
Project("{9A19103F-16F7-4668-BE54-9A1E7A4F7556}") = "TradingBot.Infrastructure.Tests", "TradingBot.Infrastructure.Tests\TradingBot.Infrastructure.Tests.csproj", "{1025AE31-0EFC-43C4-91F8-257DB622FE67}"
EndProject
Project("{9A19103F-16F7-4668-BE54-9A1E7A4F7556}") = "TradingBot.Simulator", "TradingBot.Simulator\TradingBot.Simulator.csproj", "{AD05E001-AD38-4F25-A88E-ABE2059C5469}"
EndProject
Project("{9A19103F-16F7-4668-BE54-9A1E7A4F7556}") = "TradingBot.TechnicalAnalyze", "TradingBot.TechnicalAnalyze\TradingBot.TechnicalAnalyze.csproj", "{8649FF8F-DE0A-4714-BDB4-7D7F0790857C}"
EndProject
Project("{9A19103F-16F7-4668-BE54-9A1E7A4F7556}") = "TradingBot.TechnicalAnalyze.Tests", "TradingBot.TechnicalAnalyze.Tests\TradingBot.TechnicalAnalyze.Tests.csproj", "{0CDD1EE1-31C5-4096-B072-20A04F6A631B}"
EndProject
Project("{9A19103F-16F7-4668-BE54-9A1E7A4F7556}") = "TradingBot.Simulator.Tests", "TradingBot.Simulator.Tests\TradingBot.Simulator.Tests.csproj", "{1A14B692-E318-4E39-B441-41DA487904C2}"
EndProject
Project("{9A19103F-16F7-4668-BE54-9A1E7A4F7556}") = "TradingBot.Downloader", "TradingBot.Downloader\TradingBot.Downloader.csproj", "{17AF366A-0F6F-4CCA-8CFE-A0D39CBB8934}"
EndProject
Project("{9A19103F-16F7-4668-BE54-9A1E7A4F7556}") = "TradingBot.Downloader.Tests", "TradingBot.Downloader.Tests\TradingBot.Downloader.Tests.csproj", "{6E7CB1F4-C4B4-47D2-A999-3A2942AF218E}"
EndProject
Project("{9A19103F-16F7-4668-BE54-9A1E7A4F7556}") = "TradingBot.TradeAdapters", "TradingBot.TradeAdapters\TradingBot.TradeAdapters.csproj", "{DE3C2E1A-407A-4451-876D-4BF28745F718}"
EndProject
Project("{9A19103F-16F7-4668-BE54-9A1E7A4F7556}") = "TradingBot.TradeAdapters.Tests", "TradingBot.TradeAdapters.Tests\TradingBot.TradeAdapters.Tests.csproj", "{581CDA09-CC20-4E8B-A5FE-98C54CD367A3}"
EndProject
Project("{FAE04EC0-301F-11D3-BF4B-00C04F79EFBC}") = "TradingBot.Quik", "TradingBot.Quik\TradingBot.Quik.csproj", "{77A40D1A-1384-4295-9B38-135BECD73896}"
EndProject
Project("{FAE04EC0-301F-11D3-BF4B-00C04F79EFBC}") = "TradingBot.Quik.Tests", "TradingBot.Quik.Tests\TradingBot.Quik.Tests.csproj", "{37CD3C96-71B0-4ED8-B23F-C12473E38DD7}"
EndProject
Global
	GlobalSection(SolutionConfigurationPlatforms) = preSolution
		Debug|Any CPU = Debug|Any CPU
		Release|Any CPU = Release|Any CPU
	EndGlobalSection
	GlobalSection(ProjectConfigurationPlatforms) = postSolution
		{BB6E0A5F-AFC7-4032-B139-07617BCAD6D6}.Debug|Any CPU.ActiveCfg = Debug|Any CPU
		{BB6E0A5F-AFC7-4032-B139-07617BCAD6D6}.Debug|Any CPU.Build.0 = Debug|Any CPU
		{BB6E0A5F-AFC7-4032-B139-07617BCAD6D6}.Release|Any CPU.ActiveCfg = Release|Any CPU
		{BB6E0A5F-AFC7-4032-B139-07617BCAD6D6}.Release|Any CPU.Build.0 = Release|Any CPU
		{F64944CD-9B54-4DEB-AE16-7C7CE38314C3}.Debug|Any CPU.ActiveCfg = Debug|Any CPU
		{F64944CD-9B54-4DEB-AE16-7C7CE38314C3}.Debug|Any CPU.Build.0 = Debug|Any CPU
		{F64944CD-9B54-4DEB-AE16-7C7CE38314C3}.Release|Any CPU.ActiveCfg = Release|Any CPU
		{F64944CD-9B54-4DEB-AE16-7C7CE38314C3}.Release|Any CPU.Build.0 = Release|Any CPU
		{20E6D75F-4F6B-4C0F-9AEC-5F324FA3F6B9}.Debug|Any CPU.ActiveCfg = Debug|Any CPU
		{20E6D75F-4F6B-4C0F-9AEC-5F324FA3F6B9}.Debug|Any CPU.Build.0 = Debug|Any CPU
		{20E6D75F-4F6B-4C0F-9AEC-5F324FA3F6B9}.Release|Any CPU.ActiveCfg = Release|Any CPU
		{20E6D75F-4F6B-4C0F-9AEC-5F324FA3F6B9}.Release|Any CPU.Build.0 = Release|Any CPU
		{80A3FA06-68D5-4464-9C37-6BF43E03C6FF}.Debug|Any CPU.ActiveCfg = Debug|Any CPU
		{80A3FA06-68D5-4464-9C37-6BF43E03C6FF}.Debug|Any CPU.Build.0 = Debug|Any CPU
		{80A3FA06-68D5-4464-9C37-6BF43E03C6FF}.Release|Any CPU.ActiveCfg = Release|Any CPU
		{80A3FA06-68D5-4464-9C37-6BF43E03C6FF}.Release|Any CPU.Build.0 = Release|Any CPU
		{DAF78C35-989A-41CD-ADF3-0CC501C4ED11}.Debug|Any CPU.ActiveCfg = Debug|Any CPU
		{DAF78C35-989A-41CD-ADF3-0CC501C4ED11}.Debug|Any CPU.Build.0 = Debug|Any CPU
		{DAF78C35-989A-41CD-ADF3-0CC501C4ED11}.Release|Any CPU.ActiveCfg = Release|Any CPU
		{DAF78C35-989A-41CD-ADF3-0CC501C4ED11}.Release|Any CPU.Build.0 = Release|Any CPU
		{1025AE31-0EFC-43C4-91F8-257DB622FE67}.Debug|Any CPU.ActiveCfg = Debug|Any CPU
		{1025AE31-0EFC-43C4-91F8-257DB622FE67}.Debug|Any CPU.Build.0 = Debug|Any CPU
		{1025AE31-0EFC-43C4-91F8-257DB622FE67}.Release|Any CPU.ActiveCfg = Release|Any CPU
		{1025AE31-0EFC-43C4-91F8-257DB622FE67}.Release|Any CPU.Build.0 = Release|Any CPU
		{AD05E001-AD38-4F25-A88E-ABE2059C5469}.Debug|Any CPU.ActiveCfg = Debug|Any CPU
		{AD05E001-AD38-4F25-A88E-ABE2059C5469}.Debug|Any CPU.Build.0 = Debug|Any CPU
		{AD05E001-AD38-4F25-A88E-ABE2059C5469}.Release|Any CPU.ActiveCfg = Release|Any CPU
		{AD05E001-AD38-4F25-A88E-ABE2059C5469}.Release|Any CPU.Build.0 = Release|Any CPU
		{8649FF8F-DE0A-4714-BDB4-7D7F0790857C}.Debug|Any CPU.ActiveCfg = Debug|Any CPU
		{8649FF8F-DE0A-4714-BDB4-7D7F0790857C}.Debug|Any CPU.Build.0 = Debug|Any CPU
		{8649FF8F-DE0A-4714-BDB4-7D7F0790857C}.Release|Any CPU.ActiveCfg = Release|Any CPU
		{8649FF8F-DE0A-4714-BDB4-7D7F0790857C}.Release|Any CPU.Build.0 = Release|Any CPU
		{0CDD1EE1-31C5-4096-B072-20A04F6A631B}.Debug|Any CPU.ActiveCfg = Debug|Any CPU
		{0CDD1EE1-31C5-4096-B072-20A04F6A631B}.Debug|Any CPU.Build.0 = Debug|Any CPU
		{0CDD1EE1-31C5-4096-B072-20A04F6A631B}.Release|Any CPU.ActiveCfg = Release|Any CPU
		{0CDD1EE1-31C5-4096-B072-20A04F6A631B}.Release|Any CPU.Build.0 = Release|Any CPU
		{1A14B692-E318-4E39-B441-41DA487904C2}.Debug|Any CPU.ActiveCfg = Debug|Any CPU
		{1A14B692-E318-4E39-B441-41DA487904C2}.Debug|Any CPU.Build.0 = Debug|Any CPU
		{1A14B692-E318-4E39-B441-41DA487904C2}.Release|Any CPU.ActiveCfg = Release|Any CPU
		{1A14B692-E318-4E39-B441-41DA487904C2}.Release|Any CPU.Build.0 = Release|Any CPU
		{17AF366A-0F6F-4CCA-8CFE-A0D39CBB8934}.Debug|Any CPU.ActiveCfg = Debug|Any CPU
		{17AF366A-0F6F-4CCA-8CFE-A0D39CBB8934}.Debug|Any CPU.Build.0 = Debug|Any CPU
		{17AF366A-0F6F-4CCA-8CFE-A0D39CBB8934}.Release|Any CPU.ActiveCfg = Release|Any CPU
		{17AF366A-0F6F-4CCA-8CFE-A0D39CBB8934}.Release|Any CPU.Build.0 = Release|Any CPU
		{6E7CB1F4-C4B4-47D2-A999-3A2942AF218E}.Debug|Any CPU.ActiveCfg = Debug|Any CPU
		{6E7CB1F4-C4B4-47D2-A999-3A2942AF218E}.Debug|Any CPU.Build.0 = Debug|Any CPU
		{6E7CB1F4-C4B4-47D2-A999-3A2942AF218E}.Release|Any CPU.ActiveCfg = Release|Any CPU
		{6E7CB1F4-C4B4-47D2-A999-3A2942AF218E}.Release|Any CPU.Build.0 = Release|Any CPU
		{DE3C2E1A-407A-4451-876D-4BF28745F718}.Debug|Any CPU.ActiveCfg = Debug|Any CPU
		{DE3C2E1A-407A-4451-876D-4BF28745F718}.Debug|Any CPU.Build.0 = Debug|Any CPU
		{DE3C2E1A-407A-4451-876D-4BF28745F718}.Release|Any CPU.ActiveCfg = Release|Any CPU
		{DE3C2E1A-407A-4451-876D-4BF28745F718}.Release|Any CPU.Build.0 = Release|Any CPU
		{581CDA09-CC20-4E8B-A5FE-98C54CD367A3}.Debug|Any CPU.ActiveCfg = Debug|Any CPU
		{581CDA09-CC20-4E8B-A5FE-98C54CD367A3}.Debug|Any CPU.Build.0 = Debug|Any CPU
		{581CDA09-CC20-4E8B-A5FE-98C54CD367A3}.Release|Any CPU.ActiveCfg = Release|Any CPU
		{581CDA09-CC20-4E8B-A5FE-98C54CD367A3}.Release|Any CPU.Build.0 = Release|Any CPU
		{77A40D1A-1384-4295-9B38-135BECD73896}.Debug|Any CPU.ActiveCfg = Debug|Any CPU
		{77A40D1A-1384-4295-9B38-135BECD73896}.Debug|Any CPU.Build.0 = Debug|Any CPU
		{77A40D1A-1384-4295-9B38-135BECD73896}.Release|Any CPU.ActiveCfg = Release|Any CPU
		{77A40D1A-1384-4295-9B38-135BECD73896}.Release|Any CPU.Build.0 = Release|Any CPU
		{37CD3C96-71B0-4ED8-B23F-C12473E38DD7}.Debug|Any CPU.ActiveCfg = Debug|Any CPU
		{37CD3C96-71B0-4ED8-B23F-C12473E38DD7}.Debug|Any CPU.Build.0 = Debug|Any CPU
		{37CD3C96-71B0-4ED8-B23F-C12473E38DD7}.Release|Any CPU.ActiveCfg = Release|Any CPU
		{37CD3C96-71B0-4ED8-B23F-C12473E38DD7}.Release|Any CPU.Build.0 = Release|Any CPU
	EndGlobalSection
	GlobalSection(SolutionProperties) = preSolution
		HideSolutionNode = FALSE
	EndGlobalSection
	GlobalSection(ExtensibilityGlobals) = postSolution
		SolutionGuid = {A48BB68F-A100-4C2A-9F33-349C14993972}
	EndGlobalSection
EndGlobal
