
Microsoft Visual Studio Solution File, Format Version 12.00
# Visual Studio Version 17
VisualStudioVersion = 17.5.33516.290
MinimumVisualStudioVersion = 10.0.40219.1
Project("{9A19103F-16F7-4668-BE54-9A1E7A4F7556}") = "TradingBot.Core", "TradingBot.Core\TradingBot.Core.csproj", "{BB6E0A5F-AFC7-4032-B139-07617BCAD6D6}"
EndProject
Project("{9A19103F-16F7-4668-BE54-9A1E7A4F7556}") = "TradingBot.Infrastructure", "TradingBot.Infrastructure\TradingBot.Infrastructure.csproj", "{F64944CD-9B54-4DEB-AE16-7C7CE38314C3}"
EndProject
Project("{9A19103F-16F7-4668-BE54-9A1E7A4F7556}") = "TradingBot.HttpClients.Core", "TradingBot.HttpClients.Core\TradingBot.HttpClients.Core.csproj", "{20E6D75F-4F6B-4C0F-9AEC-5F324FA3F6B9}"
EndProject
Project("{9A19103F-16F7-4668-BE54-9A1E7A4F7556}") = "TradingBot.HttpClients", "TradingBot.HttpClients\TradingBot.HttpClients.csproj", "{80A3FA06-68D5-4464-9C37-6BF43E03C6FF}"
EndProject
Project("{9A19103F-16F7-4668-BE54-9A1E7A4F7556}") = "TradingBot.HttpClients.Tests", "TradingBot.HttpClients.Tests\TradingBot.HttpClients.Tests.csproj", "{DAF78C35-989A-41CD-ADF3-0CC501C4ED11}"
EndProject
Project("{9A19103F-16F7-4668-BE54-9A1E7A4F7556}") = "TradingBot.Infrastructure.Tests", "TradingBot.Infrastructure.Tests\TradingBot.Infrastructure.Tests.csproj", "{1025AE31-0EFC-43C4-91F8-257DB622FE67}"
EndProject
Project("{9A19103F-16F7-4668-BE54-9A1E7A4F7556}") = "TradingBot.TechnicalAnalyze", "TradingBot.TechnicalAnalyze\TradingBot.TechnicalAnalyze.csproj", "{8649FF8F-DE0A-4714-BDB4-7D7F0790857C}"
EndProject
Project("{9A19103F-16F7-4668-BE54-9A1E7A4F7556}") = "TradingBot.TechnicalAnalyze.Tests", "TradingBot.TechnicalAnalyze.Tests\TradingBot.TechnicalAnalyze.Tests.csproj", "{0CDD1EE1-31C5-4096-B072-20A04F6A631B}"
EndProject
Project("{9A19103F-16F7-4668-BE54-9A1E7A4F7556}") = "TradingBot.TradeAdapters", "TradingBot.TradeAdapters\TradingBot.TradeAdapters.csproj", "{DE3C2E1A-407A-4451-876D-4BF28745F718}"
EndProject
Project("{9A19103F-16F7-4668-BE54-9A1E7A4F7556}") = "TradingBot.TradeAdapters.Tests", "TradingBot.TradeAdapters.Tests\TradingBot.TradeAdapters.Tests.csproj", "{581CDA09-CC20-4E8B-A5FE-98C54CD367A3}"
EndProject
Project("{9A19103F-16F7-4668-BE54-9A1E7A4F7556}") = "TradingBot.Quik", "TradingBot.Quik\TradingBot.Quik.csproj", "{77A40D1A-1384-4295-9B38-135BECD73896}"
EndProject
Project("{9A19103F-16F7-4668-BE54-9A1E7A4F7556}") = "TradingBot.Quik.Tests", "TradingBot.Quik.Tests\TradingBot.Quik.Tests.csproj", "{37CD3C96-71B0-4ED8-B23F-C12473E38DD7}"
EndProject
Project("{9A19103F-16F7-4668-BE54-9A1E7A4F7556}") = "TradingBot.DataProviders", "TradingBot.DataProviders\TradingBot.DataProviders.csproj", "{E37969BA-E970-4AE6-863E-C9BC3BF34C4F}"
EndProject
Project("{9A19103F-16F7-4668-BE54-9A1E7A4F7556}") = "TradingBot.DataProviders.Tests", "TradingBot.DataProviders.Tests\TradingBot.DataProviders.Tests.csproj", "{62F196DC-62DE-499A-91C8-872B7EF42DDD}"
EndProject
Project("{9A19103F-16F7-4668-BE54-9A1E7A4F7556}") = "TradingBot.TradingStrategiesTester", "TradingBot.TradingStrategiesTester\TradingBot.TradingStrategiesTester.csproj", "{B78C4F21-71AA-417F-8715-03821CB22552}"
EndProject
Project("{9A19103F-16F7-4668-BE54-9A1E7A4F7556}") = "TradingBot.TradingStrategiesTester.Tests", "TradingBot.TradingStrategiesTester.Tests\TradingBot.TradingStrategiesTester.Tests.csproj", "{FD18E09C-3B98-4328-AED1-163478D7B3C0}"
EndProject
Project("{9A19103F-16F7-4668-BE54-9A1E7A4F7556}") = "TradingBot.Api", "TradingBot.Api\TradingBot.Api.csproj", "{85703561-24F2-4E13-B1C4-0221AD74C00A}"
EndProject
Project("{9A19103F-16F7-4668-BE54-9A1E7A4F7556}") = "TradingBot.AuthApi", "TradingBot.AuthApi\TradingBot.AuthApi.csproj", "{25B702DD-185D-484A-8B56-7D8D45EB6AC2}"
EndProject
Project("{FAE04EC0-301F-11D3-BF4B-00C04F79EFBC}") = "TradingBot.BitMax", "TradingBot.BitMax\TradingBot.BitMax.csproj", "{41C4B196-B36E-4D62-B318-35D9754FD759}"
EndProject
Project("{FAE04EC0-301F-11D3-BF4B-00C04F79EFBC}") = "TradingBot.Transaq", "TradingBot.Transaq\TradingBot.Transaq.csproj", "{C5593642-1775-4D44-9E52-288E942F8A53}"
EndProject
Project("{FAE04EC0-301F-11D3-BF4B-00C04F79EFBC}") = "TradingBot.BitMax.Tests", "TradingBot.BitMax.Tests\TradingBot.BitMax.Tests.csproj", "{607B8482-3445-42BA-A38D-ECAB1F3CE1C2}"
EndProject
Project("{FAE04EC0-301F-11D3-BF4B-00C04F79EFBC}") = "TradingBot.Transaq.Tests", "TradingBot.Transaq.Tests\TradingBot.Transaq.Tests.csproj", "{4F86B46F-408B-4A04-AAB1-DA2C73970118}"
EndProject
Project("{FAE04EC0-301F-11D3-BF4B-00C04F79EFBC}") = "TradingBot.CryptoExchanges", "TradingBot.CryptoExchanges\TradingBot.CryptoExchanges.csproj", "{AF74E7AD-215A-4D31-9401-162E418B3383}"
EndProject
Global
	GlobalSection(SolutionConfigurationPlatforms) = preSolution
		Debug|Any CPU = Debug|Any CPU
		Release|Any CPU = Release|Any CPU
	EndGlobalSection
	GlobalSection(ProjectConfigurationPlatforms) = postSolution
		{BB6E0A5F-AFC7-4032-B139-07617BCAD6D6}.Debug|Any CPU.ActiveCfg = Debug|Any CPU
		{BB6E0A5F-AFC7-4032-B139-07617BCAD6D6}.Debug|Any CPU.Build.0 = Debug|Any CPU
		{BB6E0A5F-AFC7-4032-B139-07617BCAD6D6}.Release|Any CPU.ActiveCfg = Release|Any CPU
		{BB6E0A5F-AFC7-4032-B139-07617BCAD6D6}.Release|Any CPU.Build.0 = Release|Any CPU
		{F64944CD-9B54-4DEB-AE16-7C7CE38314C3}.Debug|Any CPU.ActiveCfg = Debug|Any CPU
		{F64944CD-9B54-4DEB-AE16-7C7CE38314C3}.Debug|Any CPU.Build.0 = Debug|Any CPU
		{F64944CD-9B54-4DEB-AE16-7C7CE38314C3}.Release|Any CPU.ActiveCfg = Release|Any CPU
		{F64944CD-9B54-4DEB-AE16-7C7CE38314C3}.Release|Any CPU.Build.0 = Release|Any CPU
		{20E6D75F-4F6B-4C0F-9AEC-5F324FA3F6B9}.Debug|Any CPU.ActiveCfg = Debug|Any CPU
		{20E6D75F-4F6B-4C0F-9AEC-5F324FA3F6B9}.Debug|Any CPU.Build.0 = Debug|Any CPU
		{20E6D75F-4F6B-4C0F-9AEC-5F324FA3F6B9}.Release|Any CPU.ActiveCfg = Release|Any CPU
		{20E6D75F-4F6B-4C0F-9AEC-5F324FA3F6B9}.Release|Any CPU.Build.0 = Release|Any CPU
		{80A3FA06-68D5-4464-9C37-6BF43E03C6FF}.Debug|Any CPU.ActiveCfg = Debug|Any CPU
		{80A3FA06-68D5-4464-9C37-6BF43E03C6FF}.Debug|Any CPU.Build.0 = Debug|Any CPU
		{80A3FA06-68D5-4464-9C37-6BF43E03C6FF}.Release|Any CPU.ActiveCfg = Release|Any CPU
		{80A3FA06-68D5-4464-9C37-6BF43E03C6FF}.Release|Any CPU.Build.0 = Release|Any CPU
		{DAF78C35-989A-41CD-ADF3-0CC501C4ED11}.Debug|Any CPU.ActiveCfg = Debug|Any CPU
		{DAF78C35-989A-41CD-ADF3-0CC501C4ED11}.Debug|Any CPU.Build.0 = Debug|Any CPU
		{DAF78C35-989A-41CD-ADF3-0CC501C4ED11}.Release|Any CPU.ActiveCfg = Release|Any CPU
		{DAF78C35-989A-41CD-ADF3-0CC501C4ED11}.Release|Any CPU.Build.0 = Release|Any CPU
		{1025AE31-0EFC-43C4-91F8-257DB622FE67}.Debug|Any CPU.ActiveCfg = Debug|Any CPU
		{1025AE31-0EFC-43C4-91F8-257DB622FE67}.Debug|Any CPU.Build.0 = Debug|Any CPU
		{1025AE31-0EFC-43C4-91F8-257DB622FE67}.Release|Any CPU.ActiveCfg = Release|Any CPU
		{1025AE31-0EFC-43C4-91F8-257DB622FE67}.Release|Any CPU.Build.0 = Release|Any CPU
		{8649FF8F-DE0A-4714-BDB4-7D7F0790857C}.Debug|Any CPU.ActiveCfg = Debug|Any CPU
		{8649FF8F-DE0A-4714-BDB4-7D7F0790857C}.Debug|Any CPU.Build.0 = Debug|Any CPU
		{8649FF8F-DE0A-4714-BDB4-7D7F0790857C}.Release|Any CPU.ActiveCfg = Release|Any CPU
		{8649FF8F-DE0A-4714-BDB4-7D7F0790857C}.Release|Any CPU.Build.0 = Release|Any CPU
		{0CDD1EE1-31C5-4096-B072-20A04F6A631B}.Debug|Any CPU.ActiveCfg = Debug|Any CPU
		{0CDD1EE1-31C5-4096-B072-20A04F6A631B}.Debug|Any CPU.Build.0 = Debug|Any CPU
		{0CDD1EE1-31C5-4096-B072-20A04F6A631B}.Release|Any CPU.ActiveCfg = Release|Any CPU
		{0CDD1EE1-31C5-4096-B072-20A04F6A631B}.Release|Any CPU.Build.0 = Release|Any CPU
		{DE3C2E1A-407A-4451-876D-4BF28745F718}.Debug|Any CPU.ActiveCfg = Debug|Any CPU
		{DE3C2E1A-407A-4451-876D-4BF28745F718}.Debug|Any CPU.Build.0 = Debug|Any CPU
		{DE3C2E1A-407A-4451-876D-4BF28745F718}.Release|Any CPU.ActiveCfg = Release|Any CPU
		{DE3C2E1A-407A-4451-876D-4BF28745F718}.Release|Any CPU.Build.0 = Release|Any CPU
		{581CDA09-CC20-4E8B-A5FE-98C54CD367A3}.Debug|Any CPU.ActiveCfg = Debug|Any CPU
		{581CDA09-CC20-4E8B-A5FE-98C54CD367A3}.Debug|Any CPU.Build.0 = Debug|Any CPU
		{581CDA09-CC20-4E8B-A5FE-98C54CD367A3}.Release|Any CPU.ActiveCfg = Release|Any CPU
		{581CDA09-CC20-4E8B-A5FE-98C54CD367A3}.Release|Any CPU.Build.0 = Release|Any CPU
		{77A40D1A-1384-4295-9B38-135BECD73896}.Debug|Any CPU.ActiveCfg = Debug|Any CPU
		{77A40D1A-1384-4295-9B38-135BECD73896}.Debug|Any CPU.Build.0 = Debug|Any CPU
		{77A40D1A-1384-4295-9B38-135BECD73896}.Release|Any CPU.ActiveCfg = Release|Any CPU
		{77A40D1A-1384-4295-9B38-135BECD73896}.Release|Any CPU.Build.0 = Release|Any CPU
		{37CD3C96-71B0-4ED8-B23F-C12473E38DD7}.Debug|Any CPU.ActiveCfg = Debug|Any CPU
		{37CD3C96-71B0-4ED8-B23F-C12473E38DD7}.Debug|Any CPU.Build.0 = Debug|Any CPU
		{37CD3C96-71B0-4ED8-B23F-C12473E38DD7}.Release|Any CPU.ActiveCfg = Release|Any CPU
		{37CD3C96-71B0-4ED8-B23F-C12473E38DD7}.Release|Any CPU.Build.0 = Release|Any CPU
		{E37969BA-E970-4AE6-863E-C9BC3BF34C4F}.Debug|Any CPU.ActiveCfg = Debug|Any CPU
		{E37969BA-E970-4AE6-863E-C9BC3BF34C4F}.Debug|Any CPU.Build.0 = Debug|Any CPU
		{E37969BA-E970-4AE6-863E-C9BC3BF34C4F}.Release|Any CPU.ActiveCfg = Release|Any CPU
		{E37969BA-E970-4AE6-863E-C9BC3BF34C4F}.Release|Any CPU.Build.0 = Release|Any CPU
		{62F196DC-62DE-499A-91C8-872B7EF42DDD}.Debug|Any CPU.ActiveCfg = Debug|Any CPU
		{62F196DC-62DE-499A-91C8-872B7EF42DDD}.Debug|Any CPU.Build.0 = Debug|Any CPU
		{62F196DC-62DE-499A-91C8-872B7EF42DDD}.Release|Any CPU.ActiveCfg = Release|Any CPU
		{62F196DC-62DE-499A-91C8-872B7EF42DDD}.Release|Any CPU.Build.0 = Release|Any CPU
		{B78C4F21-71AA-417F-8715-03821CB22552}.Debug|Any CPU.ActiveCfg = Debug|Any CPU
		{B78C4F21-71AA-417F-8715-03821CB22552}.Debug|Any CPU.Build.0 = Debug|Any CPU
		{B78C4F21-71AA-417F-8715-03821CB22552}.Release|Any CPU.ActiveCfg = Release|Any CPU
		{B78C4F21-71AA-417F-8715-03821CB22552}.Release|Any CPU.Build.0 = Release|Any CPU
		{FD18E09C-3B98-4328-AED1-163478D7B3C0}.Debug|Any CPU.ActiveCfg = Debug|Any CPU
		{FD18E09C-3B98-4328-AED1-163478D7B3C0}.Debug|Any CPU.Build.0 = Debug|Any CPU
		{FD18E09C-3B98-4328-AED1-163478D7B3C0}.Release|Any CPU.ActiveCfg = Release|Any CPU
		{FD18E09C-3B98-4328-AED1-163478D7B3C0}.Release|Any CPU.Build.0 = Release|Any CPU
		{85703561-24F2-4E13-B1C4-0221AD74C00A}.Debug|Any CPU.ActiveCfg = Debug|Any CPU
		{85703561-24F2-4E13-B1C4-0221AD74C00A}.Debug|Any CPU.Build.0 = Debug|Any CPU
		{85703561-24F2-4E13-B1C4-0221AD74C00A}.Release|Any CPU.ActiveCfg = Release|Any CPU
		{85703561-24F2-4E13-B1C4-0221AD74C00A}.Release|Any CPU.Build.0 = Release|Any CPU
		{25B702DD-185D-484A-8B56-7D8D45EB6AC2}.Debug|Any CPU.ActiveCfg = Debug|Any CPU
		{25B702DD-185D-484A-8B56-7D8D45EB6AC2}.Debug|Any CPU.Build.0 = Debug|Any CPU
		{25B702DD-185D-484A-8B56-7D8D45EB6AC2}.Release|Any CPU.ActiveCfg = Release|Any CPU
		{25B702DD-185D-484A-8B56-7D8D45EB6AC2}.Release|Any CPU.Build.0 = Release|Any CPU
		{41C4B196-B36E-4D62-B318-35D9754FD759}.Debug|Any CPU.ActiveCfg = Debug|Any CPU
		{41C4B196-B36E-4D62-B318-35D9754FD759}.Debug|Any CPU.Build.0 = Debug|Any CPU
		{41C4B196-B36E-4D62-B318-35D9754FD759}.Release|Any CPU.ActiveCfg = Release|Any CPU
		{41C4B196-B36E-4D62-B318-35D9754FD759}.Release|Any CPU.Build.0 = Release|Any CPU
		{C5593642-1775-4D44-9E52-288E942F8A53}.Debug|Any CPU.ActiveCfg = Debug|Any CPU
		{C5593642-1775-4D44-9E52-288E942F8A53}.Debug|Any CPU.Build.0 = Debug|Any CPU
		{C5593642-1775-4D44-9E52-288E942F8A53}.Release|Any CPU.ActiveCfg = Release|Any CPU
		{C5593642-1775-4D44-9E52-288E942F8A53}.Release|Any CPU.Build.0 = Release|Any CPU
		{607B8482-3445-42BA-A38D-ECAB1F3CE1C2}.Debug|Any CPU.ActiveCfg = Debug|Any CPU
		{607B8482-3445-42BA-A38D-ECAB1F3CE1C2}.Debug|Any CPU.Build.0 = Debug|Any CPU
		{607B8482-3445-42BA-A38D-ECAB1F3CE1C2}.Release|Any CPU.ActiveCfg = Release|Any CPU
		{607B8482-3445-42BA-A38D-ECAB1F3CE1C2}.Release|Any CPU.Build.0 = Release|Any CPU
		{4F86B46F-408B-4A04-AAB1-DA2C73970118}.Debug|Any CPU.ActiveCfg = Debug|Any CPU
		{4F86B46F-408B-4A04-AAB1-DA2C73970118}.Debug|Any CPU.Build.0 = Debug|Any CPU
		{4F86B46F-408B-4A04-AAB1-DA2C73970118}.Release|Any CPU.ActiveCfg = Release|Any CPU
		{4F86B46F-408B-4A04-AAB1-DA2C73970118}.Release|Any CPU.Build.0 = Release|Any CPU
		{AF74E7AD-215A-4D31-9401-162E418B3383}.Debug|Any CPU.ActiveCfg = Debug|Any CPU
		{AF74E7AD-215A-4D31-9401-162E418B3383}.Debug|Any CPU.Build.0 = Debug|Any CPU
		{AF74E7AD-215A-4D31-9401-162E418B3383}.Release|Any CPU.ActiveCfg = Release|Any CPU
		{AF74E7AD-215A-4D31-9401-162E418B3383}.Release|Any CPU.Build.0 = Release|Any CPU
	EndGlobalSection
	GlobalSection(SolutionProperties) = preSolution
		HideSolutionNode = FALSE
	EndGlobalSection
	GlobalSection(ExtensibilityGlobals) = postSolution
		SolutionGuid = {A48BB68F-A100-4C2A-9F33-349C14993972}
	EndGlobalSection
EndGlobal
